// !$*UTF8*$!
{
	archiveVersion = 1;
	classes = {
	};
	objectVersion = 46;
	objects = {

/* Begin PBXBuildFile section */
		1861C8B61D55458000E2D3D7 /* LoginViewController.swift in Sources */ = {isa = PBXBuildFile; fileRef = 1861C8B51D55458000E2D3D7 /* LoginViewController.swift */; };
		1861C8B81D5545A100E2D3D7 /* SignUpViewController.swift in Sources */ = {isa = PBXBuildFile; fileRef = 1861C8B71D5545A100E2D3D7 /* SignUpViewController.swift */; };
		1861C8BA1D5545BF00E2D3D7 /* UserViewController.swift in Sources */ = {isa = PBXBuildFile; fileRef = 1861C8B91D5545BF00E2D3D7 /* UserViewController.swift */; };
		1861C8BC1D5545D500E2D3D7 /* ResetViewController.swift in Sources */ = {isa = PBXBuildFile; fileRef = 1861C8BB1D5545D500E2D3D7 /* ResetViewController.swift */; };
		1861C8C51D5563CB00E2D3D7 /* Main.storyboard in Resources */ = {isa = PBXBuildFile; fileRef = 1861C8C31D5563CB00E2D3D7 /* Main.storyboard */; };
		187C35091D54C47C00DA09B5 /* AppDelegate.swift in Sources */ = {isa = PBXBuildFile; fileRef = 187C35081D54C47C00DA09B5 /* AppDelegate.swift */; };
		187C35101D54C47C00DA09B5 /* Assets.xcassets in Resources */ = {isa = PBXBuildFile; fileRef = 187C350F1D54C47C00DA09B5 /* Assets.xcassets */; };
		187C35131D54C47C00DA09B5 /* LaunchScreen.storyboard in Resources */ = {isa = PBXBuildFile; fileRef = 187C35111D54C47C00DA09B5 /* LaunchScreen.storyboard */; };
/* End PBXBuildFile section */

/* Begin PBXFileReference section */
		1861C8B51D55458000E2D3D7 /* LoginViewController.swift */ = {isa = PBXFileReference; fileEncoding = 4; lastKnownFileType = sourcecode.swift; path = LoginViewController.swift; sourceTree = "<group>"; };
		1861C8B71D5545A100E2D3D7 /* SignUpViewController.swift */ = {isa = PBXFileReference; fileEncoding = 4; lastKnownFileType = sourcecode.swift; path = SignUpViewController.swift; sourceTree = "<group>"; };
		1861C8B91D5545BF00E2D3D7 /* UserViewController.swift */ = {isa = PBXFileReference; fileEncoding = 4; lastKnownFileType = sourcecode.swift; path = UserViewController.swift; sourceTree = "<group>"; };
		1861C8BB1D5545D500E2D3D7 /* ResetViewController.swift */ = {isa = PBXFileReference; fileEncoding = 4; lastKnownFileType = sourcecode.swift; path = ResetViewController.swift; sourceTree = "<group>"; };
		1861C8C41D5563CB00E2D3D7 /* Base */ = {isa = PBXFileReference; lastKnownFileType = file.storyboard; name = Base; path = ../../../../Downloads/ParseDemoStart/ParseDemo/Base.lproj/Main.storyboard; sourceTree = "<group>"; };
		187C35051D54C47C00DA09B5 /* LoginForm.app */ = {isa = PBXFileReference; explicitFileType = wrapper.application; includeInIndex = 0; path = LoginForm.app; sourceTree = BUILT_PRODUCTS_DIR; };
		187C35081D54C47C00DA09B5 /* AppDelegate.swift */ = {isa = PBXFileReference; lastKnownFileType = sourcecode.swift; path = AppDelegate.swift; sourceTree = "<group>"; };
		187C350F1D54C47C00DA09B5 /* Assets.xcassets */ = {isa = PBXFileReference; lastKnownFileType = folder.assetcatalog; path = Assets.xcassets; sourceTree = "<group>"; };
		187C35121D54C47C00DA09B5 /* Base */ = {isa = PBXFileReference; lastKnownFileType = file.storyboard; name = Base; path = Base.lproj/LaunchScreen.storyboard; sourceTree = "<group>"; };
		187C35141D54C47C00DA09B5 /* Info.plist */ = {isa = PBXFileReference; lastKnownFileType = text.plist.xml; path = Info.plist; sourceTree = "<group>"; };
/* End PBXFileReference section */

/* Begin PBXFrameworksBuildPhase section */
		187C35021D54C47C00DA09B5 /* Frameworks */ = {
			isa = PBXFrameworksBuildPhase;
			buildActionMask = 2147483647;
			files = (
			);
			runOnlyForDeploymentPostprocessing = 0;
		};
/* End PBXFrameworksBuildPhase section */

/* Begin PBXGroup section */
		187C34FC1D54C47B00DA09B5 = {
			isa = PBXGroup;
			children = (
				187C35071D54C47C00DA09B5 /* LoginForm */,
				187C35061D54C47C00DA09B5 /* Products */,
			);
			sourceTree = "<group>";
		};
		187C35061D54C47C00DA09B5 /* Products */ = {
			isa = PBXGroup;
			children = (
				187C35051D54C47C00DA09B5 /* LoginForm.app */,
			);
			name = Products;
			sourceTree = "<group>";
		};
		187C35071D54C47C00DA09B5 /* LoginForm */ = {
			isa = PBXGroup;
			children = (
				1861C8C31D5563CB00E2D3D7 /* Main.storyboard */,
				187C35081D54C47C00DA09B5 /* AppDelegate.swift */,
				187C350F1D54C47C00DA09B5 /* Assets.xcassets */,
				187C35111D54C47C00DA09B5 /* LaunchScreen.storyboard */,
				187C35141D54C47C00DA09B5 /* Info.plist */,
				1861C8B51D55458000E2D3D7 /* LoginViewController.swift */,
				1861C8B71D5545A100E2D3D7 /* SignUpViewController.swift */,
				1861C8B91D5545BF00E2D3D7 /* UserViewController.swift */,
				1861C8BB1D5545D500E2D3D7 /* ResetViewController.swift */,
			);
			path = LoginForm;
			sourceTree = "<group>";
		};
/* End PBXGroup section */

/* Begin PBXNativeTarget section */
		187C35041D54C47C00DA09B5 /* LoginForm */ = {
			isa = PBXNativeTarget;
			buildConfigurationList = 187C35171D54C47C00DA09B5 /* Build configuration list for PBXNativeTarget "LoginForm" */;
			buildPhases = (
				187C35011D54C47C00DA09B5 /* Sources */,
				187C35021D54C47C00DA09B5 /* Frameworks */,
				187C35031D54C47C00DA09B5 /* Resources */,
			);
			buildRules = (
			);
			dependencies = (
			);
			name = LoginForm;
			productName = LoginForm;
			productReference = 187C35051D54C47C00DA09B5 /* LoginForm.app */;
			productType = "com.apple.product-type.application";
		};
/* End PBXNativeTarget section */

/* Begin PBXProject section */
		187C34FD1D54C47B00DA09B5 /* Project object */ = {
			isa = PBXProject;
			attributes = {
				LastSwiftUpdateCheck = 0730;
				LastUpgradeCheck = 0730;
				ORGANIZATIONNAME = "Mohamed Farouk Code95";
				TargetAttributes = {
					187C35041D54C47C00DA09B5 = {
						CreatedOnToolsVersion = 7.3.1;
					};
				};
			};
			buildConfigurationList = 187C35001D54C47B00DA09B5 /* Build configuration list for PBXProject "LoginForm" */;
			compatibilityVersion = "Xcode 3.2";
			developmentRegion = English;
			hasScannedForEncodings = 0;
			knownRegions = (
				en,
				Base,
			);
			mainGroup = 187C34FC1D54C47B00DA09B5;
			productRefGroup = 187C35061D54C47C00DA09B5 /* Products */;
			projectDirPath = "";
			projectRoot = "";
			targets = (
				187C35041D54C47C00DA09B5 /* LoginForm */,
			);
		};
/* End PBXProject section */

/* Begin PBXResourcesBuildPhase section */
		187C35031D54C47C00DA09B5 /* Resources */ = {
			isa = PBXResourcesBuildPhase;
			buildActionMask = 2147483647;
			files = (
				1861C8C51D5563CB00E2D3D7 /* Main.storyboard in Resources */,
				187C35131D54C47C00DA09B5 /* LaunchScreen.storyboard in Resources */,
				187C35101D54C47C00DA09B5 /* Assets.xcassets in Resources */,
			);
			runOnlyForDeploymentPostprocessing = 0;
		};
/* End PBXResourcesBuildPhase section */

/* Begin PBXSourcesBuildPhase section */
		187C35011D54C47C00DA09B5 /* Sources */ = {
			isa = PBXSourcesBuildPhase;
			buildActionMask = 2147483647;
			files = (
				1861C8B81D5545A100E2D3D7 /* SignUpViewController.swift in Sources */,
				1861C8BA1D5545BF00E2D3D7 /* UserViewController.swift in Sources */,
				1861C8B61D55458000E2D3D7 /* LoginViewController.swift in Sources */,
				187C35091D54C47C00DA09B5 /* AppDelegate.swift in Sources */,
				1861C8BC1D5545D500E2D3D7 /* ResetViewController.swift in Sources */,
			);
			runOnlyForDeploymentPostprocessing = 0;
		};
/* End PBXSourcesBuildPhase section */

/* Begin PBXVariantGroup section */
		1861C8C31D5563CB00E2D3D7 /* Main.storyboard */ = {
			isa = PBXVariantGroup;
			children = (
				1861C8C41D5563CB00E2D3D7 /* Base */,
			);
			name = Main.storyboard;
			sourceTree = "<group>";
		};
		187C35111D54C47C00DA09B5 /* LaunchScreen.storyboard */ = {
			isa = PBXVariantGroup;
			children = (
				187C35121D54C47C00DA09B5 /* Base */,
			);
			name = LaunchScreen.storyboard;
			sourceTree = "<group>";
		};
/* End PBXVariantGroup section */

/* Begin XCBuildConfiguration section */
		187C35151D54C47C00DA09B5 /* Debug */ = {
			isa = XCBuildConfiguration;
			buildSettings = {
				ALWAYS_SEARCH_USER_PATHS = NO;
				CLANG_ANALYZER_NONNULL = YES;
				CLANG_CXX_LANGUAGE_STANDARD = "gnu++0x";
				CLANG_CXX_LIBRARY = "libc++";
				CLANG_ENABLE_MODULES = YES;
				CLANG_ENABLE_OBJC_ARC = YES;
				CLANG_WARN_BOOL_CONVERSION = YES;
				CLANG_WARN_CONSTANT_CONVERSION = YES;
				CLANG_WARN_DIRECT_OBJC_ISA_USAGE = YES_ERROR;
				CLANG_WARN_EMPTY_BODY = YES;
				CLANG_WARN_ENUM_CONVERSION = YES;
				CLANG_WARN_INT_CONVERSION = YES;
				CLANG_WARN_OBJC_ROOT_CLASS = YES_ERROR;
				CLANG_WARN_UNREACHABLE_CODE = YES;
				CLANG_WARN__DUPLICATE_METHOD_MATCH = YES;
				"CODE_SIGN_IDENTITY[sdk=iphoneos*]" = "iPhone Developer";
				COPY_PHASE_STRIP = NO;
				DEBUG_INFORMATION_FORMAT = dwarf;
				ENABLE_STRICT_OBJC_MSGSEND = YES;
				ENABLE_TESTABILITY = YES;
				GCC_C_LANGUAGE_STANDARD = gnu99;
				GCC_DYNAMIC_NO_PIC = NO;
				GCC_NO_COMMON_BLOCKS = YES;
				GCC_OPTIMIZATION_LEVEL = 0;
				GCC_PREPROCESSOR_DEFINITIONS = (
					"DEBUG=1",
					"$(inherited)",
				);
				GCC_WARN_64_TO_32_BIT_CONVERSION = YES;
				GCC_WARN_ABOUT_RETURN_TYPE = YES_ERROR;
				GCC_WARN_UNDECLARED_SELECTOR = YES;
				GCC_WARN_UNINITIALIZED_AUTOS = YES_AGGRESSIVE;
				GCC_WARN_UNUSED_FUNCTION = YES;
				GCC_WARN_UNUSED_VARIABLE = YES;
				IPHONEOS_DEPLOYMENT_TARGET = 9.3;
				MTL_ENABLE_DEBUG_INFO = YES;
				ONLY_ACTIVE_ARCH = YES;
				SDKROOT = iphoneos;
				SWIFT_OPTIMIZATION_LEVEL = "-Onone";
				TARGETED_DEVICE_FAMILY = "1,2";
			};
			name = Debug;
		};
		187C35161D54C47C00DA09B5 /* Release */ = {
			isa = XCBuildConfiguration;
			buildSettings = {
				ALWAYS_SEARCH_USER_PATHS = NO;
				CLANG_ANALYZER_NONNULL = YES;
				CLANG_CXX_LANGUAGE_STANDARD = "gnu++0x";
				CLANG_CXX_LIBRARY = "libc++";
				CLANG_ENABLE_MODULES = YES;
				CLANG_ENABLE_OBJC_ARC = YES;
				CLANG_WARN_BOOL_CONVERSION = YES;
				CLANG_WARN_CONSTANT_CONVERSION = YES;
				CLANG_WARN_DIRECT_OBJC_ISA_USAGE = YES_ERROR;
				CLANG_WARN_EMPTY_BODY = YES;
				CLANG_WARN_ENUM_CONVERSION = YES;
				CLANG_WARN_INT_CONVERSION = YES;
				CLANG_WARN_OBJC_ROOT_CLASS = YES_ERROR;
				CLANG_WARN_UNREACHABLE_CODE = YES;
				CLANG_WARN__DUPLICATE_METHOD_MATCH = YES;
				"CODE_SIGN_IDENTITY[sdk=iphoneos*]" = "iPhone Developer";
				COPY_PHASE_STRIP = NO;
				DEBUG_INFORMATION_FORMAT = "dwarf-with-dsym";
				ENABLE_NS_ASSERTIONS = NO;
				ENABLE_STRICT_OBJC_MSGSEND = YES;
				GCC_C_LANGUAGE_STANDARD = gnu99;
				GCC_NO_COMMON_BLOCKS = YES;
				GCC_WARN_64_TO_32_BIT_CONVERSION = YES;
				GCC_WARN_ABOUT_RETURN_TYPE = YES_ERROR;
				GCC_WARN_UNDECLARED_SELECTOR = YES;
				GCC_WARN_UNINITIALIZED_AUTOS = YES_AGGRESSIVE;
				GCC_WARN_UNUSED_FUNCTION = YES;
				GCC_WARN_UNUSED_VARIABLE = YES;
				IPHONEOS_DEPLOYMENT_TARGET = 9.3;
				MTL_ENABLE_DEBUG_INFO = NO;
				SDKROOT = iphoneos;
				TARGETED_DEVICE_FAMILY = "1,2";
				VALIDATE_PRODUCT = YES;
			};
			name = Release;
		};
		187C35181D54C47C00DA09B5 /* Debug */ = {
			isa = XCBuildConfiguration;
			buildSettings = {
				ASSETCATALOG_COMPILER_APPICON_NAME = AppIcon;
				INFOPLIST_FILE = LoginForm/Info.plist;
				LD_RUNPATH_SEARCH_PATHS = "$(inherited) @executable_path/Frameworks";
				PRODUCT_BUNDLE_IDENTIFIER = com.project1.LoginForm;
				PRODUCT_NAME = "$(TARGET_NAME)";
			};
			name = Debug;
		};
		187C35191D54C47C00DA09B5 /* Release */ = {
			isa = XCBuildConfiguration;
			buildSettings = {
				ASSETCATALOG_COMPILER_APPICON_NAME = AppIcon;
				INFOPLIST_FILE = LoginForm/Info.plist;
				LD_RUNPATH_SEARCH_PATHS = "$(inherited) @executable_path/Frameworks";
				PRODUCT_BUNDLE_IDENTIFIER = com.project1.LoginForm;
				PRODUCT_NAME = "$(TARGET_NAME)";
			};
			name = Release;
		};
/* End XCBuildConfiguration section */

/* Begin XCConfigurationList section */
		187C35001D54C47B00DA09B5 /* Build configuration list for PBXProject "LoginForm" */ = {
			isa = XCConfigurationList;
			buildConfigurations = (
				187C35151D54C47C00DA09B5 /* Debug */,
				187C35161D54C47C00DA09B5 /* Release */,
			);
			defaultConfigurationIsVisible = 0;
			defaultConfigurationName = Release;
		};
		187C35171D54C47C00DA09B5 /* Build configuration list for PBXNativeTarget "LoginForm" */ = {
			isa = XCConfigurationList;
			buildConfigurations = (
				187C35181D54C47C00DA09B5 /* Debug */,
				187C35191D54C47C00DA09B5 /* Release */,
			);
			defaultConfigurationIsVisible = 0;
			defaultConfigurationName = Release;
		};
/* End XCConfigurationList section */
	};
	rootObject = 187C34FD1D54C47B00DA09B5 /* Project object */;
}
